
Microsoft Visual Studio Solution File, Format Version 12.00
Project("{FAE04EC0-301F-11D3-BF4B-00C04F79EFBC}") = "APBD_cw6_git_s33338", "APBD_cw6_git_s33338\APBD_cw6_git_s33338.csproj", "{BA5C7731-465A-4228-8A3F-5A61BCA8D22D}"
EndProject
Global
	GlobalSection(SolutionConfigurationPlatforms) = preSolution
		Debug|Any CPU = Debug|Any CPU
		Release|Any CPU = Release|Any CPU
	EndGlobalSection
	GlobalSection(ProjectConfigurationPlatforms) = postSolution
		{BA5C7731-465A-4228-8A3F-5A61BCA8D22D}.Debug|Any CPU.ActiveCfg = Debug|Any CPU
		{BA5C7731-465A-4228-8A3F-5A61BCA8D22D}.Debug|Any CPU.Build.0 = Debug|Any CPU
		{BA5C7731-465A-4228-8A3F-5A61BCA8D22D}.Release|Any CPU.ActiveCfg = Release|Any CPU
		{BA5C7731-465A-4228-8A3F-5A61BCA8D22D}.Release|Any CPU.Build.0 = Release|Any CPU
	EndGlobalSection
EndGlobal
